
Microsoft Visual Studio Solution File, Format Version 12.00
# Visual Studio Version 17
VisualStudioVersion = 17.0.32014.148
MinimumVisualStudioVersion = 10.0.40219.1
Project("{9A19103F-16F7-4668-BE54-9A1E7A4F7556}") = "TwoSumLeetCode", "TwoSumLeetCode\TwoSumLeetCode.csproj", "{AC47806F-624C-46DE-A72E-C3E2F8921485}"
EndProject
Project("{9A19103F-16F7-4668-BE54-9A1E7A4F7556}") = "PalindromeNumber", "PalindromeNumber\PalindromeNumber.csproj", "{08DC638B-B46C-42E8-B6DB-F9C155B6812D}"
EndProject
Project("{9A19103F-16F7-4668-BE54-9A1E7A4F7556}") = "RomanToInteger", "RomanToInteger\RomanToInteger.csproj", "{BC4BA427-C4B5-49E7-8941-A37B8DECF3A5}"
EndProject
Project("{9A19103F-16F7-4668-BE54-9A1E7A4F7556}") = "LongestCommonPrefix", "LongestCommonPrefix\LongestCommonPrefix.csproj", "{1D3F4850-0385-4E88-94CC-DEDFDC455429}"
EndProject
Project("{FAE04EC0-301F-11D3-BF4B-00C04F79EFBC}") = "ValidParanthesis", "ValidParanthesis\ValidParanthesis.csproj", "{2DBF3E83-CB8B-4392-BDAA-096DB4DDD5A7}"
EndProject
Project("{FAE04EC0-301F-11D3-BF4B-00C04F79EFBC}") = "RemoveDuplicatesFromSortedArray", "RemoveDuplicatesFromSortedArray\RemoveDuplicatesFromSortedArray.csproj", "{91F0F2C5-8C46-4F6C-A39E-0922E69998FC}"
EndProject
Global
	GlobalSection(SolutionConfigurationPlatforms) = preSolution
		Debug|Any CPU = Debug|Any CPU
		Release|Any CPU = Release|Any CPU
	EndGlobalSection
	GlobalSection(ProjectConfigurationPlatforms) = postSolution
		{AC47806F-624C-46DE-A72E-C3E2F8921485}.Debug|Any CPU.ActiveCfg = Debug|Any CPU
		{AC47806F-624C-46DE-A72E-C3E2F8921485}.Debug|Any CPU.Build.0 = Debug|Any CPU
		{AC47806F-624C-46DE-A72E-C3E2F8921485}.Release|Any CPU.ActiveCfg = Release|Any CPU
		{AC47806F-624C-46DE-A72E-C3E2F8921485}.Release|Any CPU.Build.0 = Release|Any CPU
		{08DC638B-B46C-42E8-B6DB-F9C155B6812D}.Debug|Any CPU.ActiveCfg = Debug|Any CPU
		{08DC638B-B46C-42E8-B6DB-F9C155B6812D}.Debug|Any CPU.Build.0 = Debug|Any CPU
		{08DC638B-B46C-42E8-B6DB-F9C155B6812D}.Release|Any CPU.ActiveCfg = Release|Any CPU
		{08DC638B-B46C-42E8-B6DB-F9C155B6812D}.Release|Any CPU.Build.0 = Release|Any CPU
		{BC4BA427-C4B5-49E7-8941-A37B8DECF3A5}.Debug|Any CPU.ActiveCfg = Debug|Any CPU
		{BC4BA427-C4B5-49E7-8941-A37B8DECF3A5}.Debug|Any CPU.Build.0 = Debug|Any CPU
		{BC4BA427-C4B5-49E7-8941-A37B8DECF3A5}.Release|Any CPU.ActiveCfg = Release|Any CPU
		{BC4BA427-C4B5-49E7-8941-A37B8DECF3A5}.Release|Any CPU.Build.0 = Release|Any CPU
		{1D3F4850-0385-4E88-94CC-DEDFDC455429}.Debug|Any CPU.ActiveCfg = Debug|Any CPU
		{1D3F4850-0385-4E88-94CC-DEDFDC455429}.Debug|Any CPU.Build.0 = Debug|Any CPU
		{1D3F4850-0385-4E88-94CC-DEDFDC455429}.Release|Any CPU.ActiveCfg = Release|Any CPU
		{1D3F4850-0385-4E88-94CC-DEDFDC455429}.Release|Any CPU.Build.0 = Release|Any CPU
		{2DBF3E83-CB8B-4392-BDAA-096DB4DDD5A7}.Debug|Any CPU.ActiveCfg = Debug|Any CPU
		{2DBF3E83-CB8B-4392-BDAA-096DB4DDD5A7}.Debug|Any CPU.Build.0 = Debug|Any CPU
		{2DBF3E83-CB8B-4392-BDAA-096DB4DDD5A7}.Release|Any CPU.ActiveCfg = Release|Any CPU
		{2DBF3E83-CB8B-4392-BDAA-096DB4DDD5A7}.Release|Any CPU.Build.0 = Release|Any CPU
		{91F0F2C5-8C46-4F6C-A39E-0922E69998FC}.Debug|Any CPU.ActiveCfg = Debug|Any CPU
		{91F0F2C5-8C46-4F6C-A39E-0922E69998FC}.Debug|Any CPU.Build.0 = Debug|Any CPU
		{91F0F2C5-8C46-4F6C-A39E-0922E69998FC}.Release|Any CPU.ActiveCfg = Release|Any CPU
		{91F0F2C5-8C46-4F6C-A39E-0922E69998FC}.Release|Any CPU.Build.0 = Release|Any CPU
	EndGlobalSection
	GlobalSection(SolutionProperties) = preSolution
		HideSolutionNode = FALSE
	EndGlobalSection
	GlobalSection(ExtensibilityGlobals) = postSolution
		SolutionGuid = {A81D3C5F-7080-4C9B-9636-2D007B474CE5}
	EndGlobalSection
EndGlobal
